
Microsoft Visual Studio Solution File, Format Version 12.00
# Visual Studio Version 17
VisualStudioVersion = 17.14.36221.1
MinimumVisualStudioVersion = 10.0.40219.1
Project("{FAE04EC0-301F-11D3-BF4B-00C04F79EFBC}") = "BlazorApp", "BlazorApp\BlazorApp.csproj", "{27AF0370-B32A-46D5-994A-8EB8FAFEC907}"
EndProject
Global
	GlobalSection(SolutionConfigurationPlatforms) = preSolution
		Debug|Any CPU = Debug|Any CPU
		Release|Any CPU = Release|Any CPU
	EndGlobalSection
	GlobalSection(ProjectConfigurationPlatforms) = postSolution
		{27AF0370-B32A-46D5-994A-8EB8FAFEC907}.Debug|Any CPU.ActiveCfg = Debug|Any CPU
		{27AF0370-B32A-46D5-994A-8EB8FAFEC907}.Debug|Any CPU.Build.0 = Debug|Any CPU
		{27AF0370-B32A-46D5-994A-8EB8FAFEC907}.Release|Any CPU.ActiveCfg = Release|Any CPU
		{27AF0370-B32A-46D5-994A-8EB8FAFEC907}.Release|Any CPU.Build.0 = Release|Any CPU
	EndGlobalSection
	GlobalSection(SolutionProperties) = preSolution
		HideSolutionNode = FALSE
	EndGlobalSection
	GlobalSection(ExtensibilityGlobals) = postSolution
		SolutionGuid = {482D494B-EB86-423F-93D9-6CFCEAD45749}
	EndGlobalSection
EndGlobal
