
Microsoft Visual Studio Solution File, Format Version 12.00
Project("{FAE04EC0-301F-11D3-BF4B-00C04F79EFBC}") = "DotNetFramework4_8", "DotNetFramework4_8\DotNetFramework4_8.csproj", "{7BCF0CC3-AC12-434D-A1E2-0959870157A3}"
EndProject
Project("{FAE04EC0-301F-11D3-BF4B-00C04F79EFBC}") = "DotNet6Project", "DotNet6Project\DotNet6Project.csproj", "{D426AF11-5650-4CEF-BE28-FBABCAFCB4DB}"
EndProject
Global
	GlobalSection(SolutionConfigurationPlatforms) = preSolution
		Debug|Any CPU = Debug|Any CPU
		Release|Any CPU = Release|Any CPU
	EndGlobalSection
	GlobalSection(ProjectConfigurationPlatforms) = postSolution
		{7BCF0CC3-AC12-434D-A1E2-0959870157A3}.Debug|Any CPU.ActiveCfg = Debug|Any CPU
		{7BCF0CC3-AC12-434D-A1E2-0959870157A3}.Debug|Any CPU.Build.0 = Debug|Any CPU
		{7BCF0CC3-AC12-434D-A1E2-0959870157A3}.Release|Any CPU.ActiveCfg = Release|Any CPU
		{7BCF0CC3-AC12-434D-A1E2-0959870157A3}.Release|Any CPU.Build.0 = Release|Any CPU
	EndGlobalSection
EndGlobal
